
Microsoft Visual Studio Solution File, Format Version 12.00
# Visual Studio 15
VisualStudioVersion = 15.0.26124.0
MinimumVisualStudioVersion = 15.0.26124.0
Project("{2150E333-8FDC-42A3-9474-1A3956D46DE8}") = "src", "src", "{E2D25A8A-D23B-454E-8C53-64B063B02EF8}"
EndProject
Project("{9A19103F-16F7-4668-BE54-9A1E7A4F7556}") = "NooBIT.CommandLine", "src\NooBIT.CommandLine\NooBIT.CommandLine.csproj", "{9884D969-8A22-459B-ADB9-E33C9A30FEE8}"
EndProject
Project("{2150E333-8FDC-42A3-9474-1A3956D46DE8}") = "sample", "sample", "{C5B3BD2F-7981-4E3D-ACAC-AC61BF2BA3E5}"
EndProject
Project("{9A19103F-16F7-4668-BE54-9A1E7A4F7556}") = "NooBIT.CommandLine.Sample", "sample\NooBIT.CommandLine.Sample\NooBIT.CommandLine.Sample.csproj", "{9C9B299B-D9B1-4E9A-B9F5-1764D45DA7C5}"
EndProject
Project("{2150E333-8FDC-42A3-9474-1A3956D46DE8}") = "docs", "docs", "{2312B221-A595-439B-AB0E-B9635413D077}"
	ProjectSection(SolutionItems) = preProject
		.gitignore = .gitignore
		appveyor.yml = appveyor.yml
		LICENSE = LICENSE
		README.md = README.md
	EndProjectSection
EndProject
Global
	GlobalSection(SolutionConfigurationPlatforms) = preSolution
		Debug|Any CPU = Debug|Any CPU
		Debug|x64 = Debug|x64
		Debug|x86 = Debug|x86
		Release|Any CPU = Release|Any CPU
		Release|x64 = Release|x64
		Release|x86 = Release|x86
	EndGlobalSection
	GlobalSection(ProjectConfigurationPlatforms) = postSolution
		{9884D969-8A22-459B-ADB9-E33C9A30FEE8}.Debug|Any CPU.ActiveCfg = Debug|Any CPU
		{9884D969-8A22-459B-ADB9-E33C9A30FEE8}.Debug|Any CPU.Build.0 = Debug|Any CPU
		{9884D969-8A22-459B-ADB9-E33C9A30FEE8}.Debug|x64.ActiveCfg = Debug|Any CPU
		{9884D969-8A22-459B-ADB9-E33C9A30FEE8}.Debug|x64.Build.0 = Debug|Any CPU
		{9884D969-8A22-459B-ADB9-E33C9A30FEE8}.Debug|x86.ActiveCfg = Debug|Any CPU
		{9884D969-8A22-459B-ADB9-E33C9A30FEE8}.Debug|x86.Build.0 = Debug|Any CPU
		{9884D969-8A22-459B-ADB9-E33C9A30FEE8}.Release|Any CPU.ActiveCfg = Release|Any CPU
		{9884D969-8A22-459B-ADB9-E33C9A30FEE8}.Release|Any CPU.Build.0 = Release|Any CPU
		{9884D969-8A22-459B-ADB9-E33C9A30FEE8}.Release|x64.ActiveCfg = Release|Any CPU
		{9884D969-8A22-459B-ADB9-E33C9A30FEE8}.Release|x64.Build.0 = Release|Any CPU
		{9884D969-8A22-459B-ADB9-E33C9A30FEE8}.Release|x86.ActiveCfg = Release|Any CPU
		{9884D969-8A22-459B-ADB9-E33C9A30FEE8}.Release|x86.Build.0 = Release|Any CPU
		{9C9B299B-D9B1-4E9A-B9F5-1764D45DA7C5}.Debug|Any CPU.ActiveCfg = Debug|Any CPU
		{9C9B299B-D9B1-4E9A-B9F5-1764D45DA7C5}.Debug|Any CPU.Build.0 = Debug|Any CPU
		{9C9B299B-D9B1-4E9A-B9F5-1764D45DA7C5}.Debug|x64.ActiveCfg = Debug|Any CPU
		{9C9B299B-D9B1-4E9A-B9F5-1764D45DA7C5}.Debug|x64.Build.0 = Debug|Any CPU
		{9C9B299B-D9B1-4E9A-B9F5-1764D45DA7C5}.Debug|x86.ActiveCfg = Debug|Any CPU
		{9C9B299B-D9B1-4E9A-B9F5-1764D45DA7C5}.Debug|x86.Build.0 = Debug|Any CPU
		{9C9B299B-D9B1-4E9A-B9F5-1764D45DA7C5}.Release|Any CPU.ActiveCfg = Release|Any CPU
		{9C9B299B-D9B1-4E9A-B9F5-1764D45DA7C5}.Release|Any CPU.Build.0 = Release|Any CPU
		{9C9B299B-D9B1-4E9A-B9F5-1764D45DA7C5}.Release|x64.ActiveCfg = Release|Any CPU
		{9C9B299B-D9B1-4E9A-B9F5-1764D45DA7C5}.Release|x64.Build.0 = Release|Any CPU
		{9C9B299B-D9B1-4E9A-B9F5-1764D45DA7C5}.Release|x86.ActiveCfg = Release|Any CPU
		{9C9B299B-D9B1-4E9A-B9F5-1764D45DA7C5}.Release|x86.Build.0 = Release|Any CPU
	EndGlobalSection
	GlobalSection(SolutionProperties) = preSolution
		HideSolutionNode = FALSE
	EndGlobalSection
	GlobalSection(NestedProjects) = preSolution
		{9884D969-8A22-459B-ADB9-E33C9A30FEE8} = {E2D25A8A-D23B-454E-8C53-64B063B02EF8}
		{9C9B299B-D9B1-4E9A-B9F5-1764D45DA7C5} = {C5B3BD2F-7981-4E3D-ACAC-AC61BF2BA3E5}
	EndGlobalSection
	GlobalSection(ExtensibilityGlobals) = postSolution
		SolutionGuid = {123F4E8E-428C-46D2-8B01-828588EFF193}
	EndGlobalSection
EndGlobal
